
Microsoft Visual Studio Solution File, Format Version 12.00
# Visual Studio Version 16
VisualStudioVersion = 16.0.33927.289
MinimumVisualStudioVersion = 10.0.40219.1
Project("{2150E333-8FDC-42A3-9474-1A3956D46DE8}") = "Task0", "Task0", "{8F4F5DC7-8742-42A5-8501-EFC2E3E428A3}"
EndProject
Project("{FAE04EC0-301F-11D3-BF4B-00C04F79EFBC}") = "Tyuiu.AleeRI.Sprint0.Task0.V0", "Tyuiu.AleeRI.Sprint0.Task0.V0\Tyuiu.AleeRI.Sprint0.Task0.V0.csproj", "{045525E8-1007-4121-9DD7-2D7B6B82F62A}"
EndProject
Project("{2150E333-8FDC-42A3-9474-1A3956D46DE8}") = "Task1", "Task1", "{841CEC2A-BB08-4F25-B2DE-0BAE2C472624}"
EndProject
Project("{FAE04EC0-301F-11D3-BF4B-00C04F79EFBC}") = "Tyuiu.AleevRI.Sprint0.Task1.V0", "Tyuiu.AleevRI.Sprint0.Task1.V0\Tyuiu.AleevRI.Sprint0.Task1.V0.csproj", "{83F564D9-868F-4423-B580-D83D9E30FB4C}"
EndProject
Project("{2150E333-8FDC-42A3-9474-1A3956D46DE8}") = "Task2", "Task2", "{CA97EFB8-3B8C-4C63-BC51-C81B1CE43CCF}"
EndProject
Project("{FAE04EC0-301F-11D3-BF4B-00C04F79EFBC}") = "Tyuiu.AleevRI.Sprint0.Task2.V0", "Tyuiu.AleevRI.Sprint0.Task2.V0\Tyuiu.AleevRI.Sprint0.Task2.V0.csproj", "{EA21AACF-781A-42D1-BF14-B89BEFB283D1}"
EndProject
Project("{FAE04EC0-301F-11D3-BF4B-00C04F79EFBC}") = "Tyuiu.AleevRI.Sprint0.Task2.V0.Lib", "Tyuiu.AleevRI.Sprint0.Task2.V0.Lib\Tyuiu.AleevRI.Sprint0.Task2.V0.Lib.csproj", "{631449B4-BEC6-4164-8446-081A5AE7F79D}"
EndProject
Project("{FAE04EC0-301F-11D3-BF4B-00C04F79EFBC}") = "Tyuiu.AleevRI.Sprint0.Task2.V0.Test", "Tyuiu.AleevRI.Sprint0.Task2.V0.Test\Tyuiu.AleevRI.Sprint0.Task2.V0.Test.csproj", "{994437B2-1C84-44E4-863E-CA7DC17C3821}"
EndProject
Project("{2150E333-8FDC-42A3-9474-1A3956D46DE8}") = "Task3", "Task3", "{27D7CAC0-F9BD-4313-8E5A-8339F23E68CC}"
EndProject
Project("{FAE04EC0-301F-11D3-BF4B-00C04F79EFBC}") = "Tyuiu.AleevRI.Sprint0.Task3.V0", "Tyuiu.AleevRI.Sprint0.Task3.V0\Tyuiu.AleevRI.Sprint0.Task3.V0.csproj", "{87B39C76-FCE2-4F18-A935-F53929108380}"
EndProject
Project("{FAE04EC0-301F-11D3-BF4B-00C04F79EFBC}") = "Tyuiu.AleevRI.Sprint0.Task3.V0.Lib", "Tyuiu.AleevRI.Sprint0.Task3.V0.Lib\Tyuiu.AleevRI.Sprint0.Task3.V0.Lib.csproj", "{F3A0012E-CCA0-4E0A-AAEE-3695CC0DA142}"
EndProject
Project("{FAE04EC0-301F-11D3-BF4B-00C04F79EFBC}") = "Tyuiu.AleevRI.Sprint0.Task3.V0.Test", "Tyuiu.AleevRI.Sprint0.Task3.V0.Test\Tyuiu.AleevRI.Sprint0.Task3.V0.Test.csproj", "{4C8FD9B3-1590-45C7-BD73-4053F651F276}"
EndProject
Project("{2150E333-8FDC-42A3-9474-1A3956D46DE8}") = "Task4", "Task4", "{03E7CB8B-342D-42DA-B7D0-F634C7ED8A83}"
EndProject
Project("{FAE04EC0-301F-11D3-BF4B-00C04F79EFBC}") = "Tyuiu.AleevRI.Sprint0.Task4.V0", "Tyuiu.AleevRI.Sprint0.Task4.V0\Tyuiu.AleevRI.Sprint0.Task4.V0.csproj", "{6637A3E1-690E-4806-B4C4-1DC9159EE0ED}"
EndProject
Project("{FAE04EC0-301F-11D3-BF4B-00C04F79EFBC}") = "Tyuiu.AleevRI.Sprint0.Task4.V0.Lib", "Tyuiu.AleevRI.Sprint0.Task4.V0.Lib\Tyuiu.AleevRI.Sprint0.Task4.V0.Lib.csproj", "{A4A9CEF0-C036-4B06-ADCE-10986DE1F3AE}"
EndProject
Project("{FAE04EC0-301F-11D3-BF4B-00C04F79EFBC}") = "Tyuiu.AleevRI.Sprint0.Task4.V0.Test", "Tyuiu.AleevRI.Sprint0.Task4.V0.Test\Tyuiu.AleevRI.Sprint0.Task4.V0.Test.csproj", "{60686D82-686B-4C78-A8CA-682B8659E1F9}"
EndProject
Project("{2150E333-8FDC-42A3-9474-1A3956D46DE8}") = "Task5", "Task5", "{75D3ABBB-1BA2-4DB6-A853-6FDA03CFCBF6}"
EndProject
Project("{FAE04EC0-301F-11D3-BF4B-00C04F79EFBC}") = "Tyuiu.AleevRI.Sprint0.Task5.V0", "Tyuiu.AleevRI.Sprint0.Task5.V0\Tyuiu.AleevRI.Sprint0.Task5.V0.csproj", "{302C76F3-CCDE-43A0-86AA-69222986BEE2}"
EndProject
Project("{FAE04EC0-301F-11D3-BF4B-00C04F79EFBC}") = "Tyuiu.AleevRI.Sprint0.Task5.V0.Lib", "Tyuiu.AleevRI.Sprint0.Task5.V0.Lib\Tyuiu.AleevRI.Sprint0.Task5.V0.Lib.csproj", "{BB9DB2A0-D6E3-4783-8F0A-46E66584C850}"
EndProject
Project("{FAE04EC0-301F-11D3-BF4B-00C04F79EFBC}") = "Tyuiu.AleevRI.Sprint0.Task5.V0.Test", "Tyuiu.AleevRI.Sprint0.Task5.V0.Test\Tyuiu.AleevRI.Sprint0.Task5.V0.Test.csproj", "{693BE0A1-82D5-4D5B-B087-6C00E164D291}"
EndProject
Global
	GlobalSection(SolutionConfigurationPlatforms) = preSolution
		Debug|Any CPU = Debug|Any CPU
		Release|Any CPU = Release|Any CPU
	EndGlobalSection
	GlobalSection(ProjectConfigurationPlatforms) = postSolution
		{045525E8-1007-4121-9DD7-2D7B6B82F62A}.Debug|Any CPU.ActiveCfg = Debug|Any CPU
		{045525E8-1007-4121-9DD7-2D7B6B82F62A}.Debug|Any CPU.Build.0 = Debug|Any CPU
		{045525E8-1007-4121-9DD7-2D7B6B82F62A}.Release|Any CPU.ActiveCfg = Release|Any CPU
		{045525E8-1007-4121-9DD7-2D7B6B82F62A}.Release|Any CPU.Build.0 = Release|Any CPU
		{83F564D9-868F-4423-B580-D83D9E30FB4C}.Debug|Any CPU.ActiveCfg = Debug|Any CPU
		{83F564D9-868F-4423-B580-D83D9E30FB4C}.Debug|Any CPU.Build.0 = Debug|Any CPU
		{83F564D9-868F-4423-B580-D83D9E30FB4C}.Release|Any CPU.ActiveCfg = Release|Any CPU
		{83F564D9-868F-4423-B580-D83D9E30FB4C}.Release|Any CPU.Build.0 = Release|Any CPU
		{EA21AACF-781A-42D1-BF14-B89BEFB283D1}.Debug|Any CPU.ActiveCfg = Debug|Any CPU
		{EA21AACF-781A-42D1-BF14-B89BEFB283D1}.Debug|Any CPU.Build.0 = Debug|Any CPU
		{EA21AACF-781A-42D1-BF14-B89BEFB283D1}.Release|Any CPU.ActiveCfg = Release|Any CPU
		{EA21AACF-781A-42D1-BF14-B89BEFB283D1}.Release|Any CPU.Build.0 = Release|Any CPU
		{631449B4-BEC6-4164-8446-081A5AE7F79D}.Debug|Any CPU.ActiveCfg = Debug|Any CPU
		{631449B4-BEC6-4164-8446-081A5AE7F79D}.Debug|Any CPU.Build.0 = Debug|Any CPU
		{631449B4-BEC6-4164-8446-081A5AE7F79D}.Release|Any CPU.ActiveCfg = Release|Any CPU
		{631449B4-BEC6-4164-8446-081A5AE7F79D}.Release|Any CPU.Build.0 = Release|Any CPU
		{994437B2-1C84-44E4-863E-CA7DC17C3821}.Debug|Any CPU.ActiveCfg = Debug|Any CPU
		{994437B2-1C84-44E4-863E-CA7DC17C3821}.Debug|Any CPU.Build.0 = Debug|Any CPU
		{994437B2-1C84-44E4-863E-CA7DC17C3821}.Release|Any CPU.ActiveCfg = Release|Any CPU
		{994437B2-1C84-44E4-863E-CA7DC17C3821}.Release|Any CPU.Build.0 = Release|Any CPU
		{87B39C76-FCE2-4F18-A935-F53929108380}.Debug|Any CPU.ActiveCfg = Debug|Any CPU
		{87B39C76-FCE2-4F18-A935-F53929108380}.Debug|Any CPU.Build.0 = Debug|Any CPU
		{87B39C76-FCE2-4F18-A935-F53929108380}.Release|Any CPU.ActiveCfg = Release|Any CPU
		{87B39C76-FCE2-4F18-A935-F53929108380}.Release|Any CPU.Build.0 = Release|Any CPU
		{F3A0012E-CCA0-4E0A-AAEE-3695CC0DA142}.Debug|Any CPU.ActiveCfg = Debug|Any CPU
		{F3A0012E-CCA0-4E0A-AAEE-3695CC0DA142}.Debug|Any CPU.Build.0 = Debug|Any CPU
		{F3A0012E-CCA0-4E0A-AAEE-3695CC0DA142}.Release|Any CPU.ActiveCfg = Release|Any CPU
		{F3A0012E-CCA0-4E0A-AAEE-3695CC0DA142}.Release|Any CPU.Build.0 = Release|Any CPU
		{4C8FD9B3-1590-45C7-BD73-4053F651F276}.Debug|Any CPU.ActiveCfg = Debug|Any CPU
		{4C8FD9B3-1590-45C7-BD73-4053F651F276}.Debug|Any CPU.Build.0 = Debug|Any CPU
		{4C8FD9B3-1590-45C7-BD73-4053F651F276}.Release|Any CPU.ActiveCfg = Release|Any CPU
		{4C8FD9B3-1590-45C7-BD73-4053F651F276}.Release|Any CPU.Build.0 = Release|Any CPU
		{6637A3E1-690E-4806-B4C4-1DC9159EE0ED}.Debug|Any CPU.ActiveCfg = Debug|Any CPU
		{6637A3E1-690E-4806-B4C4-1DC9159EE0ED}.Debug|Any CPU.Build.0 = Debug|Any CPU
		{6637A3E1-690E-4806-B4C4-1DC9159EE0ED}.Release|Any CPU.ActiveCfg = Release|Any CPU
		{6637A3E1-690E-4806-B4C4-1DC9159EE0ED}.Release|Any CPU.Build.0 = Release|Any CPU
		{A4A9CEF0-C036-4B06-ADCE-10986DE1F3AE}.Debug|Any CPU.ActiveCfg = Debug|Any CPU
		{A4A9CEF0-C036-4B06-ADCE-10986DE1F3AE}.Debug|Any CPU.Build.0 = Debug|Any CPU
		{A4A9CEF0-C036-4B06-ADCE-10986DE1F3AE}.Release|Any CPU.ActiveCfg = Release|Any CPU
		{A4A9CEF0-C036-4B06-ADCE-10986DE1F3AE}.Release|Any CPU.Build.0 = Release|Any CPU
		{60686D82-686B-4C78-A8CA-682B8659E1F9}.Debug|Any CPU.ActiveCfg = Debug|Any CPU
		{60686D82-686B-4C78-A8CA-682B8659E1F9}.Debug|Any CPU.Build.0 = Debug|Any CPU
		{60686D82-686B-4C78-A8CA-682B8659E1F9}.Release|Any CPU.ActiveCfg = Release|Any CPU
		{60686D82-686B-4C78-A8CA-682B8659E1F9}.Release|Any CPU.Build.0 = Release|Any CPU
		{302C76F3-CCDE-43A0-86AA-69222986BEE2}.Debug|Any CPU.ActiveCfg = Debug|Any CPU
		{302C76F3-CCDE-43A0-86AA-69222986BEE2}.Debug|Any CPU.Build.0 = Debug|Any CPU
		{302C76F3-CCDE-43A0-86AA-69222986BEE2}.Release|Any CPU.ActiveCfg = Release|Any CPU
		{302C76F3-CCDE-43A0-86AA-69222986BEE2}.Release|Any CPU.Build.0 = Release|Any CPU
		{BB9DB2A0-D6E3-4783-8F0A-46E66584C850}.Debug|Any CPU.ActiveCfg = Debug|Any CPU
		{BB9DB2A0-D6E3-4783-8F0A-46E66584C850}.Debug|Any CPU.Build.0 = Debug|Any CPU
		{BB9DB2A0-D6E3-4783-8F0A-46E66584C850}.Release|Any CPU.ActiveCfg = Release|Any CPU
		{BB9DB2A0-D6E3-4783-8F0A-46E66584C850}.Release|Any CPU.Build.0 = Release|Any CPU
		{693BE0A1-82D5-4D5B-B087-6C00E164D291}.Debug|Any CPU.ActiveCfg = Debug|Any CPU
		{693BE0A1-82D5-4D5B-B087-6C00E164D291}.Debug|Any CPU.Build.0 = Debug|Any CPU
		{693BE0A1-82D5-4D5B-B087-6C00E164D291}.Release|Any CPU.ActiveCfg = Release|Any CPU
		{693BE0A1-82D5-4D5B-B087-6C00E164D291}.Release|Any CPU.Build.0 = Release|Any CPU
	EndGlobalSection
	GlobalSection(SolutionProperties) = preSolution
		HideSolutionNode = FALSE
	EndGlobalSection
	GlobalSection(NestedProjects) = preSolution
		{045525E8-1007-4121-9DD7-2D7B6B82F62A} = {8F4F5DC7-8742-42A5-8501-EFC2E3E428A3}
		{83F564D9-868F-4423-B580-D83D9E30FB4C} = {841CEC2A-BB08-4F25-B2DE-0BAE2C472624}
		{EA21AACF-781A-42D1-BF14-B89BEFB283D1} = {CA97EFB8-3B8C-4C63-BC51-C81B1CE43CCF}
		{631449B4-BEC6-4164-8446-081A5AE7F79D} = {CA97EFB8-3B8C-4C63-BC51-C81B1CE43CCF}
		{994437B2-1C84-44E4-863E-CA7DC17C3821} = {CA97EFB8-3B8C-4C63-BC51-C81B1CE43CCF}
		{87B39C76-FCE2-4F18-A935-F53929108380} = {27D7CAC0-F9BD-4313-8E5A-8339F23E68CC}
		{F3A0012E-CCA0-4E0A-AAEE-3695CC0DA142} = {27D7CAC0-F9BD-4313-8E5A-8339F23E68CC}
		{4C8FD9B3-1590-45C7-BD73-4053F651F276} = {27D7CAC0-F9BD-4313-8E5A-8339F23E68CC}
		{6637A3E1-690E-4806-B4C4-1DC9159EE0ED} = {03E7CB8B-342D-42DA-B7D0-F634C7ED8A83}
		{A4A9CEF0-C036-4B06-ADCE-10986DE1F3AE} = {03E7CB8B-342D-42DA-B7D0-F634C7ED8A83}
		{60686D82-686B-4C78-A8CA-682B8659E1F9} = {03E7CB8B-342D-42DA-B7D0-F634C7ED8A83}
		{302C76F3-CCDE-43A0-86AA-69222986BEE2} = {75D3ABBB-1BA2-4DB6-A853-6FDA03CFCBF6}
		{BB9DB2A0-D6E3-4783-8F0A-46E66584C850} = {75D3ABBB-1BA2-4DB6-A853-6FDA03CFCBF6}
		{693BE0A1-82D5-4D5B-B087-6C00E164D291} = {75D3ABBB-1BA2-4DB6-A853-6FDA03CFCBF6}
	EndGlobalSection
	GlobalSection(ExtensibilityGlobals) = postSolution
		SolutionGuid = {E4ED27D0-572E-44A3-A4B5-9EDFEB4B0CE2}
	EndGlobalSection
EndGlobal
